
Microsoft Visual Studio Solution File, Format Version 12.00
# Visual Studio Version 17
VisualStudioVersion = 17.11.35222.181
MinimumVisualStudioVersion = 10.0.40219.1
Project("{FAE04EC0-301F-11D3-BF4B-00C04F79EFBC}") = "WindowsFormsApp1", "WindowsFormsApp1\WindowsFormsApp1.csproj", "{15B9B3D0-08A6-4737-818B-5CA971381655}"
EndProject
Global
	GlobalSection(SolutionConfigurationPlatforms) = preSolution
		Debug|Any CPU = Debug|Any CPU
		Release|Any CPU = Release|Any CPU
	EndGlobalSection
	GlobalSection(ProjectConfigurationPlatforms) = postSolution
		{15B9B3D0-08A6-4737-818B-5CA971381655}.Debug|Any CPU.ActiveCfg = Debug|Any CPU
		{15B9B3D0-08A6-4737-818B-5CA971381655}.Debug|Any CPU.Build.0 = Debug|Any CPU
		{15B9B3D0-08A6-4737-818B-5CA971381655}.Release|Any CPU.ActiveCfg = Release|Any CPU
		{15B9B3D0-08A6-4737-818B-5CA971381655}.Release|Any CPU.Build.0 = Release|Any CPU
	EndGlobalSection
	GlobalSection(SolutionProperties) = preSolution
		HideSolutionNode = FALSE
	EndGlobalSection
	GlobalSection(ExtensibilityGlobals) = postSolution
		SolutionGuid = {CDCE6263-D7BC-46DD-AA9A-E3E44A999055}
	EndGlobalSection
EndGlobal
